// !$*UTF8*$!
{
	archiveVersion = 1;
	classes = {
	};
	objectVersion = 50;
	objects = {

/* Begin PBXBuildFile section */
		951A17F02553CE2500A4274C /* AppDelegate.swift in Sources */ = {isa = PBXBuildFile; fileRef = 951A17EF2553CE2500A4274C /* AppDelegate.swift */; };
		951A17F22553CE2500A4274C /* SceneDelegate.swift in Sources */ = {isa = PBXBuildFile; fileRef = 951A17F12553CE2500A4274C /* SceneDelegate.swift */; };
		951A17F42553CE2500A4274C /* ViewController.swift in Sources */ = {isa = PBXBuildFile; fileRef = 951A17F32553CE2500A4274C /* ViewController.swift */; };
		951A17F72553CE2500A4274C /* Main.storyboard in Resources */ = {isa = PBXBuildFile; fileRef = 951A17F52553CE2500A4274C /* Main.storyboard */; };
		951A17F92553CE2600A4274C /* Assets.xcassets in Resources */ = {isa = PBXBuildFile; fileRef = 951A17F82553CE2600A4274C /* Assets.xcassets */; };
		951A17FC2553CE2600A4274C /* LaunchScreen.storyboard in Resources */ = {isa = PBXBuildFile; fileRef = 951A17FA2553CE2600A4274C /* LaunchScreen.storyboard */; };
		951A18172553DFDC00A4274C /* song2.mp3 in Resources */ = {isa = PBXBuildFile; fileRef = 951A18142553DFDC00A4274C /* song2.mp3 */; };
		951A18182553DFDC00A4274C /* song3.mp3 in Resources */ = {isa = PBXBuildFile; fileRef = 951A18152553DFDC00A4274C /* song3.mp3 */; };
		951A18192553DFDC00A4274C /* song1.mp3 in Resources */ = {isa = PBXBuildFile; fileRef = 951A18162553DFDC00A4274C /* song1.mp3 */; };
/* End PBXBuildFile section */

/* Begin PBXFileReference section */
		951A17EC2553CE2500A4274C /* SimpleMusicApp.app */ = {isa = PBXFileReference; explicitFileType = wrapper.application; includeInIndex = 0; path = SimpleMusicApp.app; sourceTree = BUILT_PRODUCTS_DIR; };
		951A17EF2553CE2500A4274C /* AppDelegate.swift */ = {isa = PBXFileReference; lastKnownFileType = sourcecode.swift; path = AppDelegate.swift; sourceTree = "<group>"; };
		951A17F12553CE2500A4274C /* SceneDelegate.swift */ = {isa = PBXFileReference; lastKnownFileType = sourcecode.swift; path = SceneDelegate.swift; sourceTree = "<group>"; };
		951A17F32553CE2500A4274C /* ViewController.swift */ = {isa = PBXFileReference; lastKnownFileType = sourcecode.swift; path = ViewController.swift; sourceTree = "<group>"; };
		951A17F62553CE2500A4274C /* Base */ = {isa = PBXFileReference; lastKnownFileType = file.storyboard; name = Base; path = Base.lproj/Main.storyboard; sourceTree = "<group>"; };
		951A17F82553CE2600A4274C /* Assets.xcassets */ = {isa = PBXFileReference; lastKnownFileType = folder.assetcatalog; path = Assets.xcassets; sourceTree = "<group>"; };
		951A17FB2553CE2600A4274C /* Base */ = {isa = PBXFileReference; lastKnownFileType = file.storyboard; name = Base; path = Base.lproj/LaunchScreen.storyboard; sourceTree = "<group>"; };
		951A17FD2553CE2600A4274C /* Info.plist */ = {isa = PBXFileReference; lastKnownFileType = text.plist.xml; path = Info.plist; sourceTree = "<group>"; };
		951A18142553DFDC00A4274C /* song2.mp3 */ = {isa = PBXFileReference; lastKnownFileType = audio.mp3; name = song2.mp3; path = SimpleMusicApp/song2.mp3; sourceTree = SOURCE_ROOT; };
		951A18152553DFDC00A4274C /* song3.mp3 */ = {isa = PBXFileReference; lastKnownFileType = audio.mp3; name = song3.mp3; path = SimpleMusicApp/song3.mp3; sourceTree = SOURCE_ROOT; };
		951A18162553DFDC00A4274C /* song1.mp3 */ = {isa = PBXFileReference; lastKnownFileType = audio.mp3; name = song1.mp3; path = SimpleMusicApp/song1.mp3; sourceTree = SOURCE_ROOT; };
/* End PBXFileReference section */

/* Begin PBXFrameworksBuildPhase section */
		951A17E92553CE2500A4274C /* Frameworks */ = {
			isa = PBXFrameworksBuildPhase;
			buildActionMask = 2147483647;
			files = (
			);
			runOnlyForDeploymentPostprocessing = 0;
		};
/* End PBXFrameworksBuildPhase section */

/* Begin PBXGroup section */
		951A17E32553CE2500A4274C = {
			isa = PBXGroup;
			children = (
				951A17EE2553CE2500A4274C /* SimpleMusicApp */,
				951A17ED2553CE2500A4274C /* Products */,
			);
			sourceTree = "<group>";
		};
		951A17ED2553CE2500A4274C /* Products */ = {
			isa = PBXGroup;
			children = (
				951A17EC2553CE2500A4274C /* SimpleMusicApp.app */,
			);
			name = Products;
			sourceTree = "<group>";
		};
		951A17EE2553CE2500A4274C /* SimpleMusicApp */ = {
			isa = PBXGroup;
			children = (
				951A18042553D1C700A4274C /* Audio */,
				951A17EF2553CE2500A4274C /* AppDelegate.swift */,
				951A17F12553CE2500A4274C /* SceneDelegate.swift */,
				951A17F32553CE2500A4274C /* ViewController.swift */,
				951A17F52553CE2500A4274C /* Main.storyboard */,
				951A17F82553CE2600A4274C /* Assets.xcassets */,
				951A17FA2553CE2600A4274C /* LaunchScreen.storyboard */,
				951A17FD2553CE2600A4274C /* Info.plist */,
			);
			path = SimpleMusicApp;
			sourceTree = "<group>";
		};
		951A18042553D1C700A4274C /* Audio */ = {
			isa = PBXGroup;
			children = (
				951A18162553DFDC00A4274C /* song1.mp3 */,
				951A18142553DFDC00A4274C /* song2.mp3 */,
				951A18152553DFDC00A4274C /* song3.mp3 */,
			);
			path = Audio;
			sourceTree = "<group>";
		};
/* End PBXGroup section */

/* Begin PBXNativeTarget section */
		951A17EB2553CE2500A4274C /* SimpleMusicApp */ = {
			isa = PBXNativeTarget;
			buildConfigurationList = 951A18002553CE2600A4274C /* Build configuration list for PBXNativeTarget "SimpleMusicApp" */;
			buildPhases = (
				951A17E82553CE2500A4274C /* Sources */,
				951A17E92553CE2500A4274C /* Frameworks */,
				951A17EA2553CE2500A4274C /* Resources */,
			);
			buildRules = (
			);
			dependencies = (
			);
			name = SimpleMusicApp;
			productName = SimpleMusicApp;
			productReference = 951A17EC2553CE2500A4274C /* SimpleMusicApp.app */;
			productType = "com.apple.product-type.application";
		};
/* End PBXNativeTarget section */

/* Begin PBXProject section */
		951A17E42553CE2500A4274C /* Project object */ = {
			isa = PBXProject;
			attributes = {
				LastSwiftUpdateCheck = 1200;
				LastUpgradeCheck = 1200;
				TargetAttributes = {
					951A17EB2553CE2500A4274C = {
						CreatedOnToolsVersion = 12.0.1;
					};
				};
			};
			buildConfigurationList = 951A17E72553CE2500A4274C /* Build configuration list for PBXProject "SimpleMusicApp" */;
			compatibilityVersion = "Xcode 9.3";
			developmentRegion = en;
			hasScannedForEncodings = 0;
			knownRegions = (
				en,
				Base,
			);
			mainGroup = 951A17E32553CE2500A4274C;
			productRefGroup = 951A17ED2553CE2500A4274C /* Products */;
			projectDirPath = "";
			projectRoot = "";
			targets = (
				951A17EB2553CE2500A4274C /* SimpleMusicApp */,
			);
		};
/* End PBXProject section */

/* Begin PBXResourcesBuildPhase section */
		951A17EA2553CE2500A4274C /* Resources */ = {
			isa = PBXResourcesBuildPhase;
			buildActionMask = 2147483647;
			files = (
				951A18172553DFDC00A4274C /* song2.mp3 in Resources */,
				951A18192553DFDC00A4274C /* song1.mp3 in Resources */,
				951A17FC2553CE2600A4274C /* LaunchScreen.storyboard in Resources */,
				951A18182553DFDC00A4274C /* song3.mp3 in Resources */,
				951A17F92553CE2600A4274C /* Assets.xcassets in Resources */,
				951A17F72553CE2500A4274C /* Main.storyboard in Resources */,
			);
			runOnlyForDeploymentPostprocessing = 0;
		};
/* End PBXResourcesBuildPhase section */

/* Begin PBXSourcesBuildPhase section */
		951A17E82553CE2500A4274C /* Sources */ = {
			isa = PBXSourcesBuildPhase;
			buildActionMask = 2147483647;
			files = (
				951A17F42553CE2500A4274C /* ViewController.swift in Sources */,
				951A17F02553CE2500A4274C /* AppDelegate.swift in Sources */,
				951A17F22553CE2500A4274C /* SceneDelegate.swift in Sources */,
			);
			runOnlyForDeploymentPostprocessing = 0;
		};
/* End PBXSourcesBuildPhase section */

/* Begin PBXVariantGroup section */
		951A17F52553CE2500A4274C /* Main.storyboard */ = {
			isa = PBXVariantGroup;
			children = (
				951A17F62553CE2500A4274C /* Base */,
			);
			name = Main.storyboard;
			sourceTree = "<group>";
		};
		951A17FA2553CE2600A4274C /* LaunchScreen.storyboard */ = {
			isa = PBXVariantGroup;
			children = (
				951A17FB2553CE2600A4274C /* Base */,
			);
			name = LaunchScreen.storyboard;
			sourceTree = "<group>";
		};
/* End PBXVariantGroup section */

/* Begin XCBuildConfiguration section */
		951A17FE2553CE2600A4274C /* Debug */ = {
			isa = XCBuildConfiguration;
			buildSettings = {
				ALWAYS_SEARCH_USER_PATHS = NO;
				CLANG_ANALYZER_NONNULL = YES;
				CLANG_ANALYZER_NUMBER_OBJECT_CONVERSION = YES_AGGRESSIVE;
				CLANG_CXX_LANGUAGE_STANDARD = "gnu++14";
				CLANG_CXX_LIBRARY = "libc++";
				CLANG_ENABLE_MODULES = YES;
				CLANG_ENABLE_OBJC_ARC = YES;
				CLANG_ENABLE_OBJC_WEAK = YES;
				CLANG_WARN_BLOCK_CAPTURE_AUTORELEASING = YES;
				CLANG_WARN_BOOL_CONVERSION = YES;
				CLANG_WARN_COMMA = YES;
				CLANG_WARN_CONSTANT_CONVERSION = YES;
				CLANG_WARN_DEPRECATED_OBJC_IMPLEMENTATIONS = YES;
				CLANG_WARN_DIRECT_OBJC_ISA_USAGE = YES_ERROR;
				CLANG_WARN_DOCUMENTATION_COMMENTS = YES;
				CLANG_WARN_EMPTY_BODY = YES;
				CLANG_WARN_ENUM_CONVERSION = YES;
				CLANG_WARN_INFINITE_RECURSION = YES;
				CLANG_WARN_INT_CONVERSION = YES;
				CLANG_WARN_NON_LITERAL_NULL_CONVERSION = YES;
				CLANG_WARN_OBJC_IMPLICIT_RETAIN_SELF = YES;
				CLANG_WARN_OBJC_LITERAL_CONVERSION = YES;
				CLANG_WARN_OBJC_ROOT_CLASS = YES_ERROR;
				CLANG_WARN_QUOTED_INCLUDE_IN_FRAMEWORK_HEADER = YES;
				CLANG_WARN_RANGE_LOOP_ANALYSIS = YES;
				CLANG_WARN_STRICT_PROTOTYPES = YES;
				CLANG_WARN_SUSPICIOUS_MOVE = YES;
				CLANG_WARN_UNGUARDED_AVAILABILITY = YES_AGGRESSIVE;
				CLANG_WARN_UNREACHABLE_CODE = YES;
				CLANG_WARN__DUPLICATE_METHOD_MATCH = YES;
				COPY_PHASE_STRIP = NO;
				DEBUG_INFORMATION_FORMAT = dwarf;
				ENABLE_STRICT_OBJC_MSGSEND = YES;
				ENABLE_TESTABILITY = YES;
				GCC_C_LANGUAGE_STANDARD = gnu11;
				GCC_DYNAMIC_NO_PIC = NO;
				GCC_NO_COMMON_BLOCKS = YES;
				GCC_OPTIMIZATION_LEVEL = 0;
				GCC_PREPROCESSOR_DEFINITIONS = (
					"DEBUG=1",
					"$(inherited)",
				);
				GCC_WARN_64_TO_32_BIT_CONVERSION = YES;
				GCC_WARN_ABOUT_RETURN_TYPE = YES_ERROR;
				GCC_WARN_UNDECLARED_SELECTOR = YES;
				GCC_WARN_UNINITIALIZED_AUTOS = YES_AGGRESSIVE;
				GCC_WARN_UNUSED_FUNCTION = YES;
				GCC_WARN_UNUSED_VARIABLE = YES;
				IPHONEOS_DEPLOYMENT_TARGET = 14.0;
				MTL_ENABLE_DEBUG_INFO = INCLUDE_SOURCE;
				MTL_FAST_MATH = YES;
				ONLY_ACTIVE_ARCH = YES;
				SDKROOT = iphoneos;
				SWIFT_ACTIVE_COMPILATION_CONDITIONS = DEBUG;
				SWIFT_OPTIMIZATION_LEVEL = "-Onone";
			};
			name = Debug;
		};
		951A17FF2553CE2600A4274C /* Release */ = {
			isa = XCBuildConfiguration;
			buildSettings = {
				ALWAYS_SEARCH_USER_PATHS = NO;
				CLANG_ANALYZER_NONNULL = YES;
				CLANG_ANALYZER_NUMBER_OBJECT_CONVERSION = YES_AGGRESSIVE;
				CLANG_CXX_LANGUAGE_STANDARD = "gnu++14";
				CLANG_CXX_LIBRARY = "libc++";
				CLANG_ENABLE_MODULES = YES;
				CLANG_ENABLE_OBJC_ARC = YES;
				CLANG_ENABLE_OBJC_WEAK = YES;
				CLANG_WARN_BLOCK_CAPTURE_AUTORELEASING = YES;
				CLANG_WARN_BOOL_CONVERSION = YES;
				CLANG_WARN_COMMA = YES;
				CLANG_WARN_CONSTANT_CONVERSION = YES;
				CLANG_WARN_DEPRECATED_OBJC_IMPLEMENTATIONS = YES;
				CLANG_WARN_DIRECT_OBJC_ISA_USAGE = YES_ERROR;
				CLANG_WARN_DOCUMENTATION_COMMENTS = YES;
				CLANG_WARN_EMPTY_BODY = YES;
				CLANG_WARN_ENUM_CONVERSION = YES;
				CLANG_WARN_INFINITE_RECURSION = YES;
				CLANG_WARN_INT_CONVERSION = YES;
				CLANG_WARN_NON_LITERAL_NULL_CONVERSION = YES;
				CLANG_WARN_OBJC_IMPLICIT_RETAIN_SELF = YES;
				CLANG_WARN_OBJC_LITERAL_CONVERSION = YES;
				CLANG_WARN_OBJC_ROOT_CLASS = YES_ERROR;
				CLANG_WARN_QUOTED_INCLUDE_IN_FRAMEWORK_HEADER = YES;
				CLANG_WARN_RANGE_LOOP_ANALYSIS = YES;
				CLANG_WARN_STRICT_PROTOTYPES = YES;
				CLANG_WARN_SUSPICIOUS_MOVE = YES;
				CLANG_WARN_UNGUARDED_AVAILABILITY = YES_AGGRESSIVE;
				CLANG_WARN_UNREACHABLE_CODE = YES;
				CLANG_WARN__DUPLICATE_METHOD_MATCH = YES;
				COPY_PHASE_STRIP = NO;
				DEBUG_INFORMATION_FORMAT = "dwarf-with-dsym";
				ENABLE_NS_ASSERTIONS = NO;
				ENABLE_STRICT_OBJC_MSGSEND = YES;
				GCC_C_LANGUAGE_STANDARD = gnu11;
				GCC_NO_COMMON_BLOCKS = YES;
				GCC_WARN_64_TO_32_BIT_CONVERSION = YES;
				GCC_WARN_ABOUT_RETURN_TYPE = YES_ERROR;
				GCC_WARN_UNDECLARED_SELECTOR = YES;
				GCC_WARN_UNINITIALIZED_AUTOS = YES_AGGRESSIVE;
				GCC_WARN_UNUSED_FUNCTION = YES;
				GCC_WARN_UNUSED_VARIABLE = YES;
				IPHONEOS_DEPLOYMENT_TARGET = 14.0;
				MTL_ENABLE_DEBUG_INFO = NO;
				MTL_FAST_MATH = YES;
				SDKROOT = iphoneos;
				SWIFT_COMPILATION_MODE = wholemodule;
				SWIFT_OPTIMIZATION_LEVEL = "-O";
				VALIDATE_PRODUCT = YES;
			};
			name = Release;
		};
		951A18012553CE2600A4274C /* Debug */ = {
			isa = XCBuildConfiguration;
			buildSettings = {
				ASSETCATALOG_COMPILER_APPICON_NAME = AppIcon;
				ASSETCATALOG_COMPILER_GLOBAL_ACCENT_COLOR_NAME = AccentColor;
				CODE_SIGN_STYLE = Automatic;
				INFOPLIST_FILE = SimpleMusicApp/Info.plist;
				LD_RUNPATH_SEARCH_PATHS = (
					"$(inherited)",
					"@executable_path/Frameworks",
				);
				PRODUCT_BUNDLE_IDENTIFIER = Sonhungel.SimpleMusicApp;
				PRODUCT_NAME = "$(TARGET_NAME)";
				SWIFT_VERSION = 5.0;
				TARGETED_DEVICE_FAMILY = "1,2";
			};
			name = Debug;
		};
		951A18022553CE2600A4274C /* Release */ = {
			isa = XCBuildConfiguration;
			buildSettings = {
				ASSETCATALOG_COMPILER_APPICON_NAME = AppIcon;
				ASSETCATALOG_COMPILER_GLOBAL_ACCENT_COLOR_NAME = AccentColor;
				CODE_SIGN_STYLE = Automatic;
				INFOPLIST_FILE = SimpleMusicApp/Info.plist;
				LD_RUNPATH_SEARCH_PATHS = (
					"$(inherited)",
					"@executable_path/Frameworks",
				);
				PRODUCT_BUNDLE_IDENTIFIER = Sonhungel.SimpleMusicApp;
				PRODUCT_NAME = "$(TARGET_NAME)";
				SWIFT_VERSION = 5.0;
				TARGETED_DEVICE_FAMILY = "1,2";
			};
			name = Release;
		};
/* End XCBuildConfiguration section */

/* Begin XCConfigurationList section */
		951A17E72553CE2500A4274C /* Build configuration list for PBXProject "SimpleMusicApp" */ = {
			isa = XCConfigurationList;
			buildConfigurations = (
				951A17FE2553CE2600A4274C /* Debug */,
				951A17FF2553CE2600A4274C /* Release */,
			);
			defaultConfigurationIsVisible = 0;
			defaultConfigurationName = Release;
		};
		951A18002553CE2600A4274C /* Build configuration list for PBXNativeTarget "SimpleMusicApp" */ = {
			isa = XCConfigurationList;
			buildConfigurations = (
				951A18012553CE2600A4274C /* Debug */,
				951A18022553CE2600A4274C /* Release */,
			);
			defaultConfigurationIsVisible = 0;
			defaultConfigurationName = Release;
		};
/* End XCConfigurationList section */
	};
	rootObject = 951A17E42553CE2500A4274C /* Project object */;
}
